
Microsoft Visual Studio Solution File, Format Version 12.00
# Visual Studio 15
VisualStudioVersion = 15.0.26403.0
MinimumVisualStudioVersion = 10.0.40219.1
Project("{FAE04EC0-301F-11D3-BF4B-00C04F79EFBC}") = "TampaIoT.TankBot.Core", "TampaIoT.TankBot.Core\TampaIoT.TankBot.Core.csproj", "{66CA690D-C956-4700-9B53-9505FCC4CDFB}"
EndProject
Global
	GlobalSection(SolutionConfigurationPlatforms) = preSolution
		Debug|Any CPU = Debug|Any CPU
		Release|Any CPU = Release|Any CPU
	EndGlobalSection
	GlobalSection(ProjectConfigurationPlatforms) = postSolution
		{66CA690D-C956-4700-9B53-9505FCC4CDFB}.Debug|Any CPU.ActiveCfg = Debug|Any CPU
		{66CA690D-C956-4700-9B53-9505FCC4CDFB}.Debug|Any CPU.Build.0 = Debug|Any CPU
		{66CA690D-C956-4700-9B53-9505FCC4CDFB}.Release|Any CPU.ActiveCfg = Release|Any CPU
		{66CA690D-C956-4700-9B53-9505FCC4CDFB}.Release|Any CPU.Build.0 = Release|Any CPU
	EndGlobalSection
	GlobalSection(SolutionProperties) = preSolution
		HideSolutionNode = FALSE
	EndGlobalSection
EndGlobal
